
Microsoft Visual Studio Solution File, Format Version 12.00
# Visual Studio 2013
VisualStudioVersion = 12.0.31101.0
MinimumVisualStudioVersion = 10.0.40219.1
Project("{2150E333-8FDC-42A3-9474-1A3956D46DE8}") = ".paket", ".paket", "{BE9964BE-3DE4-46E9-9587-700D919044AF}"
	ProjectSection(SolutionItems) = preProject
		paket.dependencies = paket.dependencies
	EndProjectSection
EndProject
Project("{FAE04EC0-301F-11D3-BF4B-00C04F79EFBC}") = "Espera.Core", "Espera.Core\Espera.Core.csproj", "{D4AD0E4A-FECB-4CA9-9258-6BD1F22FAC0D}"
EndProject
Project("{FAE04EC0-301F-11D3-BF4B-00C04F79EFBC}") = "Espera.View", "Espera.View\Espera.View.csproj", "{3DB64346-7403-48C0-9766-D62A5862973F}"
	ProjectSection(ProjectDependencies) = postProject
		{D4AD0E4A-FECB-4CA9-9258-6BD1F22FAC0D} = {D4AD0E4A-FECB-4CA9-9258-6BD1F22FAC0D}
	EndProjectSection
EndProject
Project("{FAE04EC0-301F-11D3-BF4B-00C04F79EFBC}") = "Espera.Core.Tests", "Espera.Core.Tests\Espera.Core.Tests.csproj", "{10836E51-EAAD-4AB1-9AD8-CE200498500D}"
	ProjectSection(ProjectDependencies) = postProject
		{D4AD0E4A-FECB-4CA9-9258-6BD1F22FAC0D} = {D4AD0E4A-FECB-4CA9-9258-6BD1F22FAC0D}
	EndProjectSection
EndProject
Project("{2150E333-8FDC-42A3-9474-1A3956D46DE8}") = "Solution Items", "Solution Items", "{93B8FB96-1866-41A2-AC4C-BC9BDAFF1AD0}"
	ProjectSection(SolutionItems) = preProject
		GlobalAssemblyInfo.cs = GlobalAssemblyInfo.cs
	EndProjectSection
EndProject
Project("{FAE04EC0-301F-11D3-BF4B-00C04F79EFBC}") = "Espera.View.Tests", "Espera.View.Tests\Espera.View.Tests.csproj", "{49FD0B93-B56E-44B1-815B-D3E9607B7F2F}"
	ProjectSection(ProjectDependencies) = postProject
		{3DB64346-7403-48C0-9766-D62A5862973F} = {3DB64346-7403-48C0-9766-D62A5862973F}
		{D4AD0E4A-FECB-4CA9-9258-6BD1F22FAC0D} = {D4AD0E4A-FECB-4CA9-9258-6BD1F22FAC0D}
		{10836E51-EAAD-4AB1-9AD8-CE200498500D} = {10836E51-EAAD-4AB1-9AD8-CE200498500D}
	EndProjectSection
EndProject
Global
	GlobalSection(SolutionConfigurationPlatforms) = preSolution
		Debug|Any CPU = Debug|Any CPU
		Release|Any CPU = Release|Any CPU
	EndGlobalSection
	GlobalSection(ProjectConfigurationPlatforms) = postSolution
		{D4AD0E4A-FECB-4CA9-9258-6BD1F22FAC0D}.Debug|Any CPU.ActiveCfg = Debug|Any CPU
		{D4AD0E4A-FECB-4CA9-9258-6BD1F22FAC0D}.Debug|Any CPU.Build.0 = Debug|Any CPU
		{D4AD0E4A-FECB-4CA9-9258-6BD1F22FAC0D}.Release|Any CPU.ActiveCfg = Release|Any CPU
		{D4AD0E4A-FECB-4CA9-9258-6BD1F22FAC0D}.Release|Any CPU.Build.0 = Release|Any CPU
		{3DB64346-7403-48C0-9766-D62A5862973F}.Debug|Any CPU.ActiveCfg = Debug|Any CPU
		{3DB64346-7403-48C0-9766-D62A5862973F}.Debug|Any CPU.Build.0 = Debug|Any CPU
		{3DB64346-7403-48C0-9766-D62A5862973F}.Release|Any CPU.ActiveCfg = Release|Any CPU
		{3DB64346-7403-48C0-9766-D62A5862973F}.Release|Any CPU.Build.0 = Release|Any CPU
		{10836E51-EAAD-4AB1-9AD8-CE200498500D}.Debug|Any CPU.ActiveCfg = Debug|Any CPU
		{10836E51-EAAD-4AB1-9AD8-CE200498500D}.Debug|Any CPU.Build.0 = Debug|Any CPU
		{10836E51-EAAD-4AB1-9AD8-CE200498500D}.Release|Any CPU.ActiveCfg = Release|Any CPU
		{10836E51-EAAD-4AB1-9AD8-CE200498500D}.Release|Any CPU.Build.0 = Release|Any CPU
		{49FD0B93-B56E-44B1-815B-D3E9607B7F2F}.Debug|Any CPU.ActiveCfg = Debug|Any CPU
		{49FD0B93-B56E-44B1-815B-D3E9607B7F2F}.Debug|Any CPU.Build.0 = Debug|Any CPU
		{49FD0B93-B56E-44B1-815B-D3E9607B7F2F}.Release|Any CPU.ActiveCfg = Release|Any CPU
		{49FD0B93-B56E-44B1-815B-D3E9607B7F2F}.Release|Any CPU.Build.0 = Release|Any CPU
	EndGlobalSection
	GlobalSection(SolutionProperties) = preSolution
		HideSolutionNode = FALSE
	EndGlobalSection
EndGlobal
