
Microsoft Visual Studio Solution File, Format Version 12.00
# Visual Studio 2012
Project("{FAE04EC0-301F-11D3-BF4B-00C04F79EFBC}") = "Espera.Core", "Espera.Core\Espera.Core.csproj", "{D4AD0E4A-FECB-4CA9-9258-6BD1F22FAC0D}"
EndProject
Project("{FAE04EC0-301F-11D3-BF4B-00C04F79EFBC}") = "Espera.View", "Espera.View\Espera.View.csproj", "{3DB64346-7403-48C0-9766-D62A5862973F}"
	ProjectSection(ProjectDependencies) = postProject
		{CD457EBC-86CC-434B-BB0D-0DB4F93E4A56} = {CD457EBC-86CC-434B-BB0D-0DB4F93E4A56}
	EndProjectSection
EndProject
Project("{FAE04EC0-301F-11D3-BF4B-00C04F79EFBC}") = "Espera.Core.Tests", "Espera.Core.Tests\Espera.Core.Tests.csproj", "{10836E51-EAAD-4AB1-9AD8-CE200498500D}"
EndProject
Project("{2150E333-8FDC-42A3-9474-1A3956D46DE8}") = ".nuget", ".nuget", "{99EB917F-4AA4-4E10-98A0-9590F5214D23}"
	ProjectSection(SolutionItems) = preProject
		.nuget\NuGet.Config = .nuget\NuGet.Config
		.nuget\NuGet.exe = .nuget\NuGet.exe
		.nuget\NuGet.targets = .nuget\NuGet.targets
	EndProjectSection
EndProject
Project("{FAE04EC0-301F-11D3-BF4B-00C04F79EFBC}") = "Espera.Services", "Espera.Services\Espera.Services.csproj", "{CD457EBC-86CC-434B-BB0D-0DB4F93E4A56}"
EndProject
Global
	GlobalSection(TestCaseManagementSettings) = postSolution
		CategoryFile = Espera.vsmdi
	EndGlobalSection
	GlobalSection(SolutionConfigurationPlatforms) = preSolution
		Debug|Any CPU = Debug|Any CPU
		Release|Any CPU = Release|Any CPU
	EndGlobalSection
	GlobalSection(ProjectConfigurationPlatforms) = postSolution
		{D4AD0E4A-FECB-4CA9-9258-6BD1F22FAC0D}.Debug|Any CPU.ActiveCfg = Debug|Any CPU
		{D4AD0E4A-FECB-4CA9-9258-6BD1F22FAC0D}.Debug|Any CPU.Build.0 = Debug|Any CPU
		{D4AD0E4A-FECB-4CA9-9258-6BD1F22FAC0D}.Release|Any CPU.ActiveCfg = Release|Any CPU
		{D4AD0E4A-FECB-4CA9-9258-6BD1F22FAC0D}.Release|Any CPU.Build.0 = Release|Any CPU
		{3DB64346-7403-48C0-9766-D62A5862973F}.Debug|Any CPU.ActiveCfg = Debug|Any CPU
		{3DB64346-7403-48C0-9766-D62A5862973F}.Debug|Any CPU.Build.0 = Debug|Any CPU
		{3DB64346-7403-48C0-9766-D62A5862973F}.Release|Any CPU.ActiveCfg = Release|Any CPU
		{3DB64346-7403-48C0-9766-D62A5862973F}.Release|Any CPU.Build.0 = Release|Any CPU
		{10836E51-EAAD-4AB1-9AD8-CE200498500D}.Debug|Any CPU.ActiveCfg = Debug|Any CPU
		{10836E51-EAAD-4AB1-9AD8-CE200498500D}.Debug|Any CPU.Build.0 = Debug|Any CPU
		{10836E51-EAAD-4AB1-9AD8-CE200498500D}.Release|Any CPU.ActiveCfg = Release|Any CPU
		{10836E51-EAAD-4AB1-9AD8-CE200498500D}.Release|Any CPU.Build.0 = Release|Any CPU
		{CD457EBC-86CC-434B-BB0D-0DB4F93E4A56}.Debug|Any CPU.ActiveCfg = Debug|Any CPU
		{CD457EBC-86CC-434B-BB0D-0DB4F93E4A56}.Debug|Any CPU.Build.0 = Debug|Any CPU
		{CD457EBC-86CC-434B-BB0D-0DB4F93E4A56}.Release|Any CPU.ActiveCfg = Release|Any CPU
		{CD457EBC-86CC-434B-BB0D-0DB4F93E4A56}.Release|Any CPU.Build.0 = Release|Any CPU
	EndGlobalSection
	GlobalSection(SolutionProperties) = preSolution
		HideSolutionNode = FALSE
	EndGlobalSection
EndGlobal
